
Microsoft Visual Studio Solution File, Format Version 12.00
# Visual Studio Version 17
VisualStudioVersion = 17.3.32929.385
MinimumVisualStudioVersion = 10.0.40219.1
Project("{FAE04EC0-301F-11D3-BF4B-00C04F79EFBC}") = "csharp-mysql-webapp", "csharp-mysql-webapp\csharp-mysql-webapp.csproj", "{8F391B58-520C-4293-9E3D-635CC8235B6F}"
EndProject
Global
	GlobalSection(SolutionConfigurationPlatforms) = preSolution
		Debug|Any CPU = Debug|Any CPU
		Release|Any CPU = Release|Any CPU
	EndGlobalSection
	GlobalSection(ProjectConfigurationPlatforms) = postSolution
		{8F391B58-520C-4293-9E3D-635CC8235B6F}.Debug|Any CPU.ActiveCfg = Debug|Any CPU
		{8F391B58-520C-4293-9E3D-635CC8235B6F}.Debug|Any CPU.Build.0 = Debug|Any CPU
		{8F391B58-520C-4293-9E3D-635CC8235B6F}.Release|Any CPU.ActiveCfg = Release|Any CPU
		{8F391B58-520C-4293-9E3D-635CC8235B6F}.Release|Any CPU.Build.0 = Release|Any CPU
	EndGlobalSection
	GlobalSection(SolutionProperties) = preSolution
		HideSolutionNode = FALSE
	EndGlobalSection
	GlobalSection(ExtensibilityGlobals) = postSolution
		SolutionGuid = {E9E6059F-090C-4A96-81C6-15D9470A1042}
	EndGlobalSection
EndGlobal
